
Microsoft Visual Studio Solution File, Format Version 12.00
Project("{FAE04EC0-301F-11D3-BF4B-00C04F79EFBC}") = "Sergen.Core", "src\Sergen.Core\Sergen.Core.csproj", "{C9B43CDC-5CDE-486A-8E54-02D4869D1405}"
EndProject
Project("{FAE04EC0-301F-11D3-BF4B-00C04F79EFBC}") = "Sergen.Main", "src\Sergen.Main\Sergen.Main.csproj", "{CF53E4E6-EBFB-403C-A14A-68C5E030776D}"
EndProject
Project("{FAE04EC0-301F-11D3-BF4B-00C04F79EFBC}") = "Sergen.Secondary", "src\Sergen.Secondary\Sergen.Secondary.csproj", "{32C5CE6D-2FFE-41C7-84F9-78A58C09AB01}"
EndProject
Global
	GlobalSection(SolutionConfigurationPlatforms) = preSolution
		Debug|Any CPU = Debug|Any CPU
		Release|Any CPU = Release|Any CPU
	EndGlobalSection
	GlobalSection(ProjectConfigurationPlatforms) = postSolution
		{C9B43CDC-5CDE-486A-8E54-02D4869D1405}.Debug|Any CPU.ActiveCfg = Debug|Any CPU
		{C9B43CDC-5CDE-486A-8E54-02D4869D1405}.Debug|Any CPU.Build.0 = Debug|Any CPU
		{C9B43CDC-5CDE-486A-8E54-02D4869D1405}.Release|Any CPU.ActiveCfg = Release|Any CPU
		{C9B43CDC-5CDE-486A-8E54-02D4869D1405}.Release|Any CPU.Build.0 = Release|Any CPU
		{CF53E4E6-EBFB-403C-A14A-68C5E030776D}.Debug|Any CPU.ActiveCfg = Debug|Any CPU
		{CF53E4E6-EBFB-403C-A14A-68C5E030776D}.Debug|Any CPU.Build.0 = Debug|Any CPU
		{CF53E4E6-EBFB-403C-A14A-68C5E030776D}.Release|Any CPU.ActiveCfg = Release|Any CPU
		{CF53E4E6-EBFB-403C-A14A-68C5E030776D}.Release|Any CPU.Build.0 = Release|Any CPU
		{32C5CE6D-2FFE-41C7-84F9-78A58C09AB01}.Debug|Any CPU.ActiveCfg = Debug|Any CPU
		{32C5CE6D-2FFE-41C7-84F9-78A58C09AB01}.Debug|Any CPU.Build.0 = Debug|Any CPU
		{32C5CE6D-2FFE-41C7-84F9-78A58C09AB01}.Release|Any CPU.ActiveCfg = Release|Any CPU
		{32C5CE6D-2FFE-41C7-84F9-78A58C09AB01}.Release|Any CPU.Build.0 = Release|Any CPU
	EndGlobalSection
EndGlobal
